
Microsoft Visual Studio Solution File, Format Version 12.00
# Visual Studio 15
VisualStudioVersion = 15.0.28307.168
MinimumVisualStudioVersion = 10.0.40219.1
Project("{9A19103F-16F7-4668-BE54-9A1E7A4F7556}") = "AdminSystem.Api", "AdminSystem.Api\AdminSystem.Api.csproj", "{D98CE60E-CA53-452F-86E5-2D0C0F664ADC}"
EndProject
Project("{9A19103F-16F7-4668-BE54-9A1E7A4F7556}") = "AdminSystem.Application", "AdminSystem.Application\AdminSystem.Application.csproj", "{BFBC3BA4-5620-4524-B771-4243B71FDF8B}"
EndProject
Project("{9A19103F-16F7-4668-BE54-9A1E7A4F7556}") = "AdminSystem.Domain", "AdminSystem.Domain\AdminSystem.Domain.csproj", "{20365A17-2723-4724-9633-A47BF66F0C1D}"
EndProject
Project("{9A19103F-16F7-4668-BE54-9A1E7A4F7556}") = "AdminSystem.Infrastructure", "AdminSystem.Infrastructure\AdminSystem.Infrastructure.csproj", "{C77F3888-9B8F-45AC-A0F5-D47590FBEB78}"
EndProject
Global
	GlobalSection(SolutionConfigurationPlatforms) = preSolution
		Debug|Any CPU = Debug|Any CPU
		Release|Any CPU = Release|Any CPU
	EndGlobalSection
	GlobalSection(ProjectConfigurationPlatforms) = postSolution
		{D98CE60E-CA53-452F-86E5-2D0C0F664ADC}.Debug|Any CPU.ActiveCfg = Debug|Any CPU
		{D98CE60E-CA53-452F-86E5-2D0C0F664ADC}.Debug|Any CPU.Build.0 = Debug|Any CPU
		{D98CE60E-CA53-452F-86E5-2D0C0F664ADC}.Release|Any CPU.ActiveCfg = Release|Any CPU
		{D98CE60E-CA53-452F-86E5-2D0C0F664ADC}.Release|Any CPU.Build.0 = Release|Any CPU
		{BFBC3BA4-5620-4524-B771-4243B71FDF8B}.Debug|Any CPU.ActiveCfg = Debug|Any CPU
		{BFBC3BA4-5620-4524-B771-4243B71FDF8B}.Debug|Any CPU.Build.0 = Debug|Any CPU
		{BFBC3BA4-5620-4524-B771-4243B71FDF8B}.Release|Any CPU.ActiveCfg = Release|Any CPU
		{BFBC3BA4-5620-4524-B771-4243B71FDF8B}.Release|Any CPU.Build.0 = Release|Any CPU
		{20365A17-2723-4724-9633-A47BF66F0C1D}.Debug|Any CPU.ActiveCfg = Debug|Any CPU
		{20365A17-2723-4724-9633-A47BF66F0C1D}.Debug|Any CPU.Build.0 = Debug|Any CPU
		{20365A17-2723-4724-9633-A47BF66F0C1D}.Release|Any CPU.ActiveCfg = Release|Any CPU
		{20365A17-2723-4724-9633-A47BF66F0C1D}.Release|Any CPU.Build.0 = Release|Any CPU
		{C77F3888-9B8F-45AC-A0F5-D47590FBEB78}.Debug|Any CPU.ActiveCfg = Debug|Any CPU
		{C77F3888-9B8F-45AC-A0F5-D47590FBEB78}.Debug|Any CPU.Build.0 = Debug|Any CPU
		{C77F3888-9B8F-45AC-A0F5-D47590FBEB78}.Release|Any CPU.ActiveCfg = Release|Any CPU
		{C77F3888-9B8F-45AC-A0F5-D47590FBEB78}.Release|Any CPU.Build.0 = Release|Any CPU
	EndGlobalSection
	GlobalSection(SolutionProperties) = preSolution
		HideSolutionNode = FALSE
	EndGlobalSection
	GlobalSection(ExtensibilityGlobals) = postSolution
		SolutionGuid = {8D446B3C-9346-49AB-A287-BE2B197E9B65}
	EndGlobalSection
EndGlobal
